
Microsoft Visual Studio Solution File, Format Version 12.00
# Visual Studio 15
VisualStudioVersion = 15.0.28010.2048
MinimumVisualStudioVersion = 10.0.40219.1
Project("{FAE04EC0-301F-11D3-BF4B-00C04F79EFBC}") = "PresentationLayers", "PresentationLayers\PresentationLayers.csproj", "{955CC85A-3733-4E18-A33F-E108FA55AA54}"
EndProject
Project("{FAE04EC0-301F-11D3-BF4B-00C04F79EFBC}") = "BusinessLayer", "BusinessLayer\BusinessLayer.csproj", "{C34B56A9-2024-4D3B-8CCD-8B9CA57189AD}"
EndProject
Project("{FAE04EC0-301F-11D3-BF4B-00C04F79EFBC}") = "DatabaseLayer", "DatabaseLayer\DatabaseLayer.csproj", "{EE113DEE-5002-454B-8174-743FAB754218}"
EndProject
Global
	GlobalSection(SolutionConfigurationPlatforms) = preSolution
		Debug|Any CPU = Debug|Any CPU
		Release|Any CPU = Release|Any CPU
	EndGlobalSection
	GlobalSection(ProjectConfigurationPlatforms) = postSolution
		{955CC85A-3733-4E18-A33F-E108FA55AA54}.Debug|Any CPU.ActiveCfg = Debug|Any CPU
		{955CC85A-3733-4E18-A33F-E108FA55AA54}.Debug|Any CPU.Build.0 = Debug|Any CPU
		{955CC85A-3733-4E18-A33F-E108FA55AA54}.Release|Any CPU.ActiveCfg = Release|Any CPU
		{955CC85A-3733-4E18-A33F-E108FA55AA54}.Release|Any CPU.Build.0 = Release|Any CPU
		{C34B56A9-2024-4D3B-8CCD-8B9CA57189AD}.Debug|Any CPU.ActiveCfg = Debug|Any CPU
		{C34B56A9-2024-4D3B-8CCD-8B9CA57189AD}.Debug|Any CPU.Build.0 = Debug|Any CPU
		{C34B56A9-2024-4D3B-8CCD-8B9CA57189AD}.Release|Any CPU.ActiveCfg = Release|Any CPU
		{C34B56A9-2024-4D3B-8CCD-8B9CA57189AD}.Release|Any CPU.Build.0 = Release|Any CPU
		{EE113DEE-5002-454B-8174-743FAB754218}.Debug|Any CPU.ActiveCfg = Debug|Any CPU
		{EE113DEE-5002-454B-8174-743FAB754218}.Debug|Any CPU.Build.0 = Debug|Any CPU
		{EE113DEE-5002-454B-8174-743FAB754218}.Release|Any CPU.ActiveCfg = Release|Any CPU
		{EE113DEE-5002-454B-8174-743FAB754218}.Release|Any CPU.Build.0 = Release|Any CPU
	EndGlobalSection
	GlobalSection(SolutionProperties) = preSolution
		HideSolutionNode = FALSE
	EndGlobalSection
	GlobalSection(ExtensibilityGlobals) = postSolution
		SolutionGuid = {B31CD768-EADA-4321-955D-7D924256DFE1}
	EndGlobalSection
EndGlobal
